<?xml version="1.0" encoding="utf-8"?>
<Project ToolsVersion="4.0" xmlns="http://schemas.microsoft.com/developer/msbuild/2003">
  <ItemGroup>
    <Filter Include="win32">
      <UniqueIdentifier>{84a8ebd7-7cf0-47f6-b75e-d441df67da40}</UniqueIdentifier>
    </Filter>
    <Filter Include="resource">
      <UniqueIdentifier>{715254bc-d70b-4ec5-bf29-467dd3ace079}</UniqueIdentifier>
    </Filter>
    <Filter Include="src">
      <UniqueIdentifier>{bb6c862e-70e9-49d9-81b7-3829a6f50471}</UniqueIdentifier>
    </Filter>
  </ItemGroup>
  <ItemGroup>
    <ClCompile Include="main.cpp">
      <Filter>win32</Filter>
    </ClCompile>
    <ClCompile Include="..\Classes\CustomUI\M9Path.cpp">
      <Filter>src</Filter>
    </ClCompile>
    <ClCompile Include="..\Classes\CustomUI\MButton.cpp">
      <Filter>src</Filter>
    </ClCompile>
    <ClCompile Include="..\Classes\CustomUI\MEditBox.cpp">
      <Filter>src</Filter>
    </ClCompile>
    <ClCompile Include="..\Classes\CustomUI\MLabel.cpp">
      <Filter>src</Filter>
    </ClCompile>
    <ClCompile Include="..\Classes\CustomUI\MSprite.cpp">
      <Filter>src</Filter>
    </ClCompile>
    <ClCompile Include="..\Classes\CustomUI\MText.cpp">
      <Filter>src</Filter>
    </ClCompile>
    <ClCompile Include="..\Classes\Delegate\AppDelegate.cpp">
      <Filter>src</Filter>
    </ClCompile>
    <ClCompile Include="..\Classes\MenuScene\IntroScene.cpp">
      <Filter>src</Filter>
    </ClCompile>
    <ClCompile Include="..\Classes\protobufObject\login.pb.cc">
      <Filter>src</Filter>
    </ClCompile>
    <ClCompile Include="..\Classes\Utils\NetworkManager.cpp">
      <Filter>src</Filter>
    </ClCompile>
    <ClCompile Include="..\Classes\Utils\DefaultSocket.cpp">
      <Filter>src</Filter>
    </ClCompile>
    <ClCompile Include="..\Classes\protobufObject\register.pb.cc">
      <Filter>src</Filter>
    </ClCompile>
    <ClCompile Include="..\Classes\protobufObject\initialize.pb.cc">
      <Filter>src</Filter>
    </ClCompile>
  </ItemGroup>
  <ItemGroup>
    <ClInclude Include="main.h">
      <Filter>win32</Filter>
    </ClInclude>
    <ClInclude Include="..\Classes\CustomUI\M9Path.hpp">
      <Filter>src</Filter>
    </ClInclude>
    <ClInclude Include="..\Classes\CustomUI\MButton.hpp">
      <Filter>src</Filter>
    </ClInclude>
    <ClInclude Include="..\Classes\CustomUI\MEditBox.hpp">
      <Filter>src</Filter>
    </ClInclude>
    <ClInclude Include="..\Classes\CustomUI\MLabel.hpp">
      <Filter>src</Filter>
    </ClInclude>
    <ClInclude Include="..\Classes\CustomUI\MSprite.hpp">
      <Filter>src</Filter>
    </ClInclude>
    <ClInclude Include="..\Classes\CustomUI\MText.hpp">
      <Filter>src</Filter>
    </ClInclude>
    <ClInclude Include="..\Classes\Delegate\AppDelegate.h">
      <Filter>src</Filter>
    </ClInclude>
    <ClInclude Include="..\Classes\MenuScene\IntroScene.h">
      <Filter>src</Filter>
    </ClInclude>
    <ClInclude Include="..\Classes\protobufObject\login.pb.h">
      <Filter>src</Filter>
    </ClInclude>
    <ClInclude Include="..\Classes\Utils\NetworkManager.h">
      <Filter>src</Filter>
    </ClInclude>
    <ClInclude Include="..\Classes\Utils\CommonSocket.h">
      <Filter>src</Filter>
    </ClInclude>
    <ClInclude Include="..\Classes\Utils\DefaultSocket.h">
      <Filter>src</Filter>
    </ClInclude>
    <ClInclude Include="..\Classes\protobufObject\register.pb.h">
      <Filter>src</Filter>
    </ClInclude>
    <ClInclude Include="..\Classes\protobufObject\initialize.pb.h">
      <Filter>src</Filter>
    </ClInclude>
  </ItemGroup>
  <ItemGroup>
    <ResourceCompile Include="game.rc">
      <Filter>resource</Filter>
    </ResourceCompile>
  </ItemGroup>
</Project>